
Microsoft Visual Studio Solution File, Format Version 12.00
# Visual Studio Version 17
VisualStudioVersion = 17.12.35521.163
MinimumVisualStudioVersion = 10.0.40219.1
Project("{2150E333-8FDC-42A3-9474-1A3956D46DE8}") = "Services", "Services", "{BDB83FB3-6F7C-4D6D-B1B6-76BBF8519D5D}"
EndProject
Project("{2150E333-8FDC-42A3-9474-1A3956D46DE8}") = "Catalog", "Catalog", "{57C82B21-D902-43C4-9A45-FFF808C796C9}"
EndProject
Project("{FAE04EC0-301F-11D3-BF4B-00C04F79EFBC}") = "MultiShop.Catalog", "Services\Catalog\MultiShop.Catalog\MultiShop.Catalog.csproj", "{10DF3A0B-CEB1-417A-8D38-768409C91D24}"
EndProject
Project("{2150E333-8FDC-42A3-9474-1A3956D46DE8}") = "Discount", "Discount", "{B5ACEE02-A9BC-4F4A-88B9-15C8E5F25158}"
EndProject
Project("{FAE04EC0-301F-11D3-BF4B-00C04F79EFBC}") = "MultiShop.Discount", "Services\Discount\MultiShop.Discount\MultiShop.Discount.csproj", "{A4858147-EFC9-4193-9453-A6474E590166}"
EndProject
Project("{2150E333-8FDC-42A3-9474-1A3956D46DE8}") = "Order", "Order", "{E88828E4-F111-4485-9340-176667E006A2}"
EndProject
Project("{2150E333-8FDC-42A3-9474-1A3956D46DE8}") = "Core", "Core", "{0FC0B2AB-245B-4B1C-BC8C-51DF69649268}"
EndProject
Project("{2150E333-8FDC-42A3-9474-1A3956D46DE8}") = "Infrastructure", "Infrastructure", "{AB5808E0-97DF-469C-B129-7D188D817DA7}"
EndProject
Project("{2150E333-8FDC-42A3-9474-1A3956D46DE8}") = "Presentation", "Presentation", "{7323BE08-48F6-4D38-9917-E1882496190C}"
EndProject
Project("{FAE04EC0-301F-11D3-BF4B-00C04F79EFBC}") = "MultiShop.Order.Domain", "Services\Order\Core\MultiShop.Order.Domain\MultiShop.Order.Domain.csproj", "{F1056960-6F69-4479-863D-73A1B72873A0}"
EndProject
Project("{FAE04EC0-301F-11D3-BF4B-00C04F79EFBC}") = "MultiShop.Order.Application", "Services\Order\Core\MultiShop.Order.Application\MultiShop.Order.Application.csproj", "{5E846999-2681-44E1-95A6-9620958854DA}"
EndProject
Project("{FAE04EC0-301F-11D3-BF4B-00C04F79EFBC}") = "MultiShop.Order.Persistence", "Services\Order\Infrastructure\MultiShop.Order.Persistence\MultiShop.Order.Persistence.csproj", "{8A0F31C9-D716-4AA9-9902-77C9F51D50CF}"
EndProject
Project("{FAE04EC0-301F-11D3-BF4B-00C04F79EFBC}") = "MultiShop.Order.WebApi", "Services\Order\Presentation\MultiShop.Order.WebApi\MultiShop.Order.WebApi.csproj", "{84E9AF3E-EB7F-4B6F-B91F-BD30D95B9E80}"
EndProject
Project("{2150E333-8FDC-42A3-9474-1A3956D46DE8}") = "IdentityServer", "IdentityServer", "{A8F6DB4B-CED3-416A-9281-89C41661087E}"
EndProject
Project("{FAE04EC0-301F-11D3-BF4B-00C04F79EFBC}") = "MultiShop.IdentityServer", "IdentityServer\MultiShop.IdentityServer\MultiShop.IdentityServer.csproj", "{C744295A-628B-4DE2-8C72-B145F4CFC2E2}"
EndProject
Project("{2150E333-8FDC-42A3-9474-1A3956D46DE8}") = "Requirements", "Requirements", "{7BD96217-123B-49FE-A4F0-9613D4ABEBAD}"
	ProjectSection(SolutionItems) = preProject
		PortNumbers.txt = PortNumbers.txt
	EndProjectSection
EndProject
Project("{2150E333-8FDC-42A3-9474-1A3956D46DE8}") = "Cargo", "Cargo", "{781C9E4A-B474-4BE6-8F0C-624BBE95A451}"
EndProject
Project("{FAE04EC0-301F-11D3-BF4B-00C04F79EFBC}") = "MultiShop.Cargo.EntityLayer", "Services\Cargo\MultiShop.Cargo.EntityLayer\MultiShop.Cargo.EntityLayer.csproj", "{7AC0E232-9754-41C1-895E-C9226907070B}"
EndProject
Project("{FAE04EC0-301F-11D3-BF4B-00C04F79EFBC}") = "MultiShop.Cargo.BusinessLayer", "Services\Cargo\MultiShop.Cargo.BusinessLayer\MultiShop.Cargo.BusinessLayer.csproj", "{CE3BEA5B-E325-4521-96CE-238C66F82332}"
EndProject
Project("{FAE04EC0-301F-11D3-BF4B-00C04F79EFBC}") = "MultiShop.Cargo.DataAccessLayer", "Services\Cargo\MultiShop.Cargo.DataAccessLayer\MultiShop.Cargo.DataAccessLayer.csproj", "{7734D4C9-EB0C-4BF5-B4F1-230EBCC9D4F3}"
EndProject
Project("{FAE04EC0-301F-11D3-BF4B-00C04F79EFBC}") = "MultiShop.Cargo.DtoLayer", "Services\Cargo\MultiShop.Cargo.DtoLayer\MultiShop.Cargo.DtoLayer.csproj", "{D78D3BCF-BDC2-4743-A4FF-B30B3C01E194}"
EndProject
Project("{FAE04EC0-301F-11D3-BF4B-00C04F79EFBC}") = "MultiShop.Cargo.WebApi", "Services\Cargo\MultiShop.Cargo.WebApi\MultiShop.Cargo.WebApi.csproj", "{099E44BC-BB47-4775-9339-23552E47B496}"
EndProject
Project("{2150E333-8FDC-42A3-9474-1A3956D46DE8}") = "Basket", "Basket", "{6E7283A9-9EDE-4A73-9F69-ABD8847F7843}"
EndProject
Project("{FAE04EC0-301F-11D3-BF4B-00C04F79EFBC}") = "MultiShop.Basket.WebApi", "Services\Basket\MultiShop.Basket.WebApi\MultiShop.Basket.WebApi.csproj", "{632DF09E-696E-42A0-9A08-4872AF039740}"
EndProject
Global
	GlobalSection(SolutionConfigurationPlatforms) = preSolution
		Debug|Any CPU = Debug|Any CPU
		Release|Any CPU = Release|Any CPU
	EndGlobalSection
	GlobalSection(ProjectConfigurationPlatforms) = postSolution
		{10DF3A0B-CEB1-417A-8D38-768409C91D24}.Debug|Any CPU.ActiveCfg = Debug|Any CPU
		{10DF3A0B-CEB1-417A-8D38-768409C91D24}.Debug|Any CPU.Build.0 = Debug|Any CPU
		{10DF3A0B-CEB1-417A-8D38-768409C91D24}.Release|Any CPU.ActiveCfg = Release|Any CPU
		{10DF3A0B-CEB1-417A-8D38-768409C91D24}.Release|Any CPU.Build.0 = Release|Any CPU
		{A4858147-EFC9-4193-9453-A6474E590166}.Debug|Any CPU.ActiveCfg = Debug|Any CPU
		{A4858147-EFC9-4193-9453-A6474E590166}.Debug|Any CPU.Build.0 = Debug|Any CPU
		{A4858147-EFC9-4193-9453-A6474E590166}.Release|Any CPU.ActiveCfg = Release|Any CPU
		{A4858147-EFC9-4193-9453-A6474E590166}.Release|Any CPU.Build.0 = Release|Any CPU
		{F1056960-6F69-4479-863D-73A1B72873A0}.Debug|Any CPU.ActiveCfg = Debug|Any CPU
		{F1056960-6F69-4479-863D-73A1B72873A0}.Debug|Any CPU.Build.0 = Debug|Any CPU
		{F1056960-6F69-4479-863D-73A1B72873A0}.Release|Any CPU.ActiveCfg = Release|Any CPU
		{F1056960-6F69-4479-863D-73A1B72873A0}.Release|Any CPU.Build.0 = Release|Any CPU
		{5E846999-2681-44E1-95A6-9620958854DA}.Debug|Any CPU.ActiveCfg = Debug|Any CPU
		{5E846999-2681-44E1-95A6-9620958854DA}.Debug|Any CPU.Build.0 = Debug|Any CPU
		{5E846999-2681-44E1-95A6-9620958854DA}.Release|Any CPU.ActiveCfg = Release|Any CPU
		{5E846999-2681-44E1-95A6-9620958854DA}.Release|Any CPU.Build.0 = Release|Any CPU
		{8A0F31C9-D716-4AA9-9902-77C9F51D50CF}.Debug|Any CPU.ActiveCfg = Debug|Any CPU
		{8A0F31C9-D716-4AA9-9902-77C9F51D50CF}.Debug|Any CPU.Build.0 = Debug|Any CPU
		{8A0F31C9-D716-4AA9-9902-77C9F51D50CF}.Release|Any CPU.ActiveCfg = Release|Any CPU
		{8A0F31C9-D716-4AA9-9902-77C9F51D50CF}.Release|Any CPU.Build.0 = Release|Any CPU
		{84E9AF3E-EB7F-4B6F-B91F-BD30D95B9E80}.Debug|Any CPU.ActiveCfg = Debug|Any CPU
		{84E9AF3E-EB7F-4B6F-B91F-BD30D95B9E80}.Debug|Any CPU.Build.0 = Debug|Any CPU
		{84E9AF3E-EB7F-4B6F-B91F-BD30D95B9E80}.Release|Any CPU.ActiveCfg = Release|Any CPU
		{84E9AF3E-EB7F-4B6F-B91F-BD30D95B9E80}.Release|Any CPU.Build.0 = Release|Any CPU
		{C744295A-628B-4DE2-8C72-B145F4CFC2E2}.Debug|Any CPU.ActiveCfg = Debug|Any CPU
		{C744295A-628B-4DE2-8C72-B145F4CFC2E2}.Debug|Any CPU.Build.0 = Debug|Any CPU
		{C744295A-628B-4DE2-8C72-B145F4CFC2E2}.Release|Any CPU.ActiveCfg = Release|Any CPU
		{C744295A-628B-4DE2-8C72-B145F4CFC2E2}.Release|Any CPU.Build.0 = Release|Any CPU
		{7AC0E232-9754-41C1-895E-C9226907070B}.Debug|Any CPU.ActiveCfg = Debug|Any CPU
		{7AC0E232-9754-41C1-895E-C9226907070B}.Debug|Any CPU.Build.0 = Debug|Any CPU
		{7AC0E232-9754-41C1-895E-C9226907070B}.Release|Any CPU.ActiveCfg = Release|Any CPU
		{7AC0E232-9754-41C1-895E-C9226907070B}.Release|Any CPU.Build.0 = Release|Any CPU
		{CE3BEA5B-E325-4521-96CE-238C66F82332}.Debug|Any CPU.ActiveCfg = Debug|Any CPU
		{CE3BEA5B-E325-4521-96CE-238C66F82332}.Debug|Any CPU.Build.0 = Debug|Any CPU
		{CE3BEA5B-E325-4521-96CE-238C66F82332}.Release|Any CPU.ActiveCfg = Release|Any CPU
		{CE3BEA5B-E325-4521-96CE-238C66F82332}.Release|Any CPU.Build.0 = Release|Any CPU
		{7734D4C9-EB0C-4BF5-B4F1-230EBCC9D4F3}.Debug|Any CPU.ActiveCfg = Debug|Any CPU
		{7734D4C9-EB0C-4BF5-B4F1-230EBCC9D4F3}.Debug|Any CPU.Build.0 = Debug|Any CPU
		{7734D4C9-EB0C-4BF5-B4F1-230EBCC9D4F3}.Release|Any CPU.ActiveCfg = Release|Any CPU
		{7734D4C9-EB0C-4BF5-B4F1-230EBCC9D4F3}.Release|Any CPU.Build.0 = Release|Any CPU
		{D78D3BCF-BDC2-4743-A4FF-B30B3C01E194}.Debug|Any CPU.ActiveCfg = Debug|Any CPU
		{D78D3BCF-BDC2-4743-A4FF-B30B3C01E194}.Debug|Any CPU.Build.0 = Debug|Any CPU
		{D78D3BCF-BDC2-4743-A4FF-B30B3C01E194}.Release|Any CPU.ActiveCfg = Release|Any CPU
		{D78D3BCF-BDC2-4743-A4FF-B30B3C01E194}.Release|Any CPU.Build.0 = Release|Any CPU
		{099E44BC-BB47-4775-9339-23552E47B496}.Debug|Any CPU.ActiveCfg = Debug|Any CPU
		{099E44BC-BB47-4775-9339-23552E47B496}.Debug|Any CPU.Build.0 = Debug|Any CPU
		{099E44BC-BB47-4775-9339-23552E47B496}.Release|Any CPU.ActiveCfg = Release|Any CPU
		{099E44BC-BB47-4775-9339-23552E47B496}.Release|Any CPU.Build.0 = Release|Any CPU
		{632DF09E-696E-42A0-9A08-4872AF039740}.Debug|Any CPU.ActiveCfg = Debug|Any CPU
		{632DF09E-696E-42A0-9A08-4872AF039740}.Debug|Any CPU.Build.0 = Debug|Any CPU
		{632DF09E-696E-42A0-9A08-4872AF039740}.Release|Any CPU.ActiveCfg = Release|Any CPU
		{632DF09E-696E-42A0-9A08-4872AF039740}.Release|Any CPU.Build.0 = Release|Any CPU
	EndGlobalSection
	GlobalSection(SolutionProperties) = preSolution
		HideSolutionNode = FALSE
	EndGlobalSection
	GlobalSection(NestedProjects) = preSolution
		{57C82B21-D902-43C4-9A45-FFF808C796C9} = {BDB83FB3-6F7C-4D6D-B1B6-76BBF8519D5D}
		{10DF3A0B-CEB1-417A-8D38-768409C91D24} = {57C82B21-D902-43C4-9A45-FFF808C796C9}
		{B5ACEE02-A9BC-4F4A-88B9-15C8E5F25158} = {BDB83FB3-6F7C-4D6D-B1B6-76BBF8519D5D}
		{A4858147-EFC9-4193-9453-A6474E590166} = {B5ACEE02-A9BC-4F4A-88B9-15C8E5F25158}
		{E88828E4-F111-4485-9340-176667E006A2} = {BDB83FB3-6F7C-4D6D-B1B6-76BBF8519D5D}
		{0FC0B2AB-245B-4B1C-BC8C-51DF69649268} = {E88828E4-F111-4485-9340-176667E006A2}
		{AB5808E0-97DF-469C-B129-7D188D817DA7} = {E88828E4-F111-4485-9340-176667E006A2}
		{7323BE08-48F6-4D38-9917-E1882496190C} = {E88828E4-F111-4485-9340-176667E006A2}
		{F1056960-6F69-4479-863D-73A1B72873A0} = {0FC0B2AB-245B-4B1C-BC8C-51DF69649268}
		{5E846999-2681-44E1-95A6-9620958854DA} = {0FC0B2AB-245B-4B1C-BC8C-51DF69649268}
		{8A0F31C9-D716-4AA9-9902-77C9F51D50CF} = {AB5808E0-97DF-469C-B129-7D188D817DA7}
		{84E9AF3E-EB7F-4B6F-B91F-BD30D95B9E80} = {7323BE08-48F6-4D38-9917-E1882496190C}
		{C744295A-628B-4DE2-8C72-B145F4CFC2E2} = {A8F6DB4B-CED3-416A-9281-89C41661087E}
		{781C9E4A-B474-4BE6-8F0C-624BBE95A451} = {BDB83FB3-6F7C-4D6D-B1B6-76BBF8519D5D}
		{7AC0E232-9754-41C1-895E-C9226907070B} = {781C9E4A-B474-4BE6-8F0C-624BBE95A451}
		{CE3BEA5B-E325-4521-96CE-238C66F82332} = {781C9E4A-B474-4BE6-8F0C-624BBE95A451}
		{7734D4C9-EB0C-4BF5-B4F1-230EBCC9D4F3} = {781C9E4A-B474-4BE6-8F0C-624BBE95A451}
		{D78D3BCF-BDC2-4743-A4FF-B30B3C01E194} = {781C9E4A-B474-4BE6-8F0C-624BBE95A451}
		{099E44BC-BB47-4775-9339-23552E47B496} = {781C9E4A-B474-4BE6-8F0C-624BBE95A451}
		{6E7283A9-9EDE-4A73-9F69-ABD8847F7843} = {BDB83FB3-6F7C-4D6D-B1B6-76BBF8519D5D}
		{632DF09E-696E-42A0-9A08-4872AF039740} = {6E7283A9-9EDE-4A73-9F69-ABD8847F7843}
	EndGlobalSection
EndGlobal
